{
  "name": "@sparkdesignsystem/spark-angular",
  "version": "9.4.0-beta.0",
  "lockfileVersion": 1,
  "requires": true,
  "dependencies": {
    "lodash": {
      "version": "4.17.15",
      "resolved": "https://registry.npmjs.org/lodash/-/lodash-4.17.15.tgz",
      "integrity": "sha512-8xOcRHvCjnocdS5cpwXQXVzmmh5e5+saE2QGoeQmbKmRS6J3VQppPOIt0MnmE+4xlZoumy0GPG0D0MVIQbNA1A=="
    },
    "tiny-date-picker": {
      "version": "github:sparkdesignsystem/tiny-date-picker#02f8b092f16803d46321929e53b8b804456c37aa",
      "from": "github:sparkdesignsystem/tiny-date-picker#v3.2.8"
    }
  }
}
