{
  "name": "@sparkdesignsystem/spark-angular",
  "version": "15.0.1",
  "lockfileVersion": 1,
  "requires": true,
  "dependencies": {
    "@sparkdesignsystem/spark-styles": {
      "version": "4.0.1",
      "resolved": "https://registry.npmjs.org/@sparkdesignsystem/spark-styles/-/spark-styles-4.0.1.tgz",
      "integrity": "sha512-KwZkA473GMcyXvPJ4oOwUel495fYGl2k0MuukkGDiKeJZsfoRWS/dGzzckDKaF0hwLQW7jlr94QQ7LBhyK1Q0g=="
    },
    "focus-visible": {
      "version": "5.0.2",
      "resolved": "https://registry.npmjs.org/focus-visible/-/focus-visible-5.0.2.tgz",
      "integrity": "sha512-zT2fj/bmOgEBjqGbURGlowTmCwsIs3bRDMr/sFZz8Ly7VkEiwuCn9swNTL3pPuf8Oua2de7CLuKdnuNajWdDsQ=="
    },
    "lodash": {
      "version": "4.17.21",
      "resolved": "https://registry.npmjs.org/lodash/-/lodash-4.17.21.tgz",
      "integrity": "sha512-v2kDEe57lecTulaDIuNTPy3Ry4gLGJ6Z1O3vE1krgXZNrsQ+LFTGHVxVjcXPs17LhbZVGedAJv8XZ1tvj5FvSg=="
    },
    "tiny-date-picker": {
      "version": "github:sparkdesignsystem/tiny-date-picker#ffa5ab11ed9d05556d01fcecb705a310fd3bec37",
      "from": "github:sparkdesignsystem/tiny-date-picker#v3.2.9"
    }
  }
}
