{
  "name": "@sparkdesignsystem/spark-angular",
  "version": "11.0.1",
  "lockfileVersion": 1,
  "requires": true,
  "dependencies": {
    "focus-visible": {
      "version": "5.0.2",
      "resolved": "https://registry.npmjs.org/focus-visible/-/focus-visible-5.0.2.tgz",
      "integrity": "sha512-zT2fj/bmOgEBjqGbURGlowTmCwsIs3bRDMr/sFZz8Ly7VkEiwuCn9swNTL3pPuf8Oua2de7CLuKdnuNajWdDsQ=="
    },
    "lodash": {
      "version": "4.17.20",
      "resolved": "https://registry.npmjs.org/lodash/-/lodash-4.17.20.tgz",
      "integrity": "sha512-PlhdFcillOINfeV7Ni6oF1TAEayyZBoZ8bcshTHqOYJYlrqzRK5hagpagky5o4HfCzzd1TRkXPMFq6cKk9rGmA=="
    },
    "tiny-date-picker": {
      "version": "github:sparkdesignsystem/tiny-date-picker#ffa5ab11ed9d05556d01fcecb705a310fd3bec37",
      "from": "github:sparkdesignsystem/tiny-date-picker#v3.2.9"
    }
  }
}
