{
  "name": "@sparkdesignsystem/spark-highlight-board",
  "version": "2.0.0",
  "lockfileVersion": 1,
  "requires": true,
  "dependencies": {
    "object-fit-images": {
      "version": "3.2.3",
      "resolved": "https://registry.npmjs.org/object-fit-images/-/object-fit-images-3.2.3.tgz",
      "integrity": "sha1-QIn20AcKO1Vj08Grbxso1hMx8Kw="
    }
  }
}
