{
  "name": "@sparkdesignsystem/spark-angular",
  "version": "9.2.1",
  "lockfileVersion": 1,
  "requires": true,
  "dependencies": {
    "core-js": {
      "version": "2.6.9",
      "resolved": "https://registry.npmjs.org/core-js/-/core-js-2.6.9.tgz",
      "integrity": "sha512-HOpZf6eXmnl7la+cUdMnLvUxKNqLUzJvgIziQ0DiF3JwSImNphIqdGqzj6hIKyX04MmV0poclQ7+wjWvxQyR2A==",
      "dev": true
    },
    "lodash": {
      "version": "4.17.15",
      "resolved": "https://registry.npmjs.org/lodash/-/lodash-4.17.15.tgz",
      "integrity": "sha512-8xOcRHvCjnocdS5cpwXQXVzmmh5e5+saE2QGoeQmbKmRS6J3VQppPOIt0MnmE+4xlZoumy0GPG0D0MVIQbNA1A=="
    },
    "lory.js": {
      "version": "2.5.3",
      "resolved": "https://registry.npmjs.org/lory.js/-/lory.js-2.5.3.tgz",
      "integrity": "sha512-9FKuaeLtSKupM9BNmcCY0W31yhloZv2vEMD/v0hnwsdajqzb8bQacD5ZxZw+WUD0dRAXM+qx65Vk1m++4qkcsQ=="
    },
    "tiny-date-picker": {
      "version": "3.2.8",
      "resolved": "https://registry.npmjs.org/tiny-date-picker/-/tiny-date-picker-3.2.8.tgz",
      "integrity": "sha512-XrZ2ujRDZLom3DtquzjtEh+kBLbivErqfbqbNG8sVA7ZCUxerIiorxfM87akQNbBnKttBaiXAZwZi46e2mFX7Q==",
      "dev": true
    },
    "zone.js": {
      "version": "0.8.29",
      "resolved": "https://registry.npmjs.org/zone.js/-/zone.js-0.8.29.tgz",
      "integrity": "sha512-mla2acNCMkWXBD+c+yeUrBUrzOxYMNFdQ6FGfigGGtEVBPJx07BQeJekjt9DmH1FtZek4E9rE1eRR9qQpxACOQ==",
      "dev": true
    }
  }
}
